// !$*UTF8*$!
{
	archiveVersion = 1;
	classes = {
	};
	objectVersion = 77;
	objects = {

/* Begin PBXBuildFile section */
		0AA641161B4B07CA3819EDF5 /* RecorderInterruptionTests.swift in Sources */ = {isa = PBXBuildFile; fileRef = 0B492830A62977826130AD2F /* RecorderInterruptionTests.swift */; };
		1E8AB0F00AD411F4CE431D8F /* TuningsPersistenceTests.swift in Sources */ = {isa = PBXBuildFile; fileRef = F9226CAD6B46AB3A7639A3AD /* TuningsPersistenceTests.swift */; };
		393935093896FD76BCBAD63E /* TranscriberFactoryTests.swift in Sources */ = {isa = PBXBuildFile; fileRef = 45DC85D4B123F5A6BF195D86 /* TranscriberFactoryTests.swift */; };
		3A915B1B30D397D70C4BF313 /* WhisperAudioTests.swift in Sources */ = {isa = PBXBuildFile; fileRef = 4617E8E14F9328CDED48CE87 /* WhisperAudioTests.swift */; };
		4C2B8B3659DF0FEAB5E32CA7 /* WhisperModelTests.swift in Sources */ = {isa = PBXBuildFile; fileRef = 338449335BA26A71B25600B4 /* WhisperModelTests.swift */; };
		5CDE599E9A6E385889195E36 /* WhisperChunkingTests.swift in Sources */ = {isa = PBXBuildFile; fileRef = CF7ADA49789024E33BF5EEA7 /* WhisperChunkingTests.swift */; };
		7E4A71A9547C67CF09759219 /* WhisperTokenizerTests.swift in Sources */ = {isa = PBXBuildFile; fileRef = 941ECE5486B3F396081D7DDC /* WhisperTokenizerTests.swift */; };
		973F46D10FF15784BEAD20F6 /* MLXRandom in Frameworks */ = {isa = PBXBuildFile; productRef = B1D487B9F07A0DB95BD79522 /* MLXRandom */; };
		9C8B28FADF29E62CC1D52D00 /* MLXNN in Frameworks */ = {isa = PBXBuildFile; productRef = 9A2C4347C3F5928735C6784F /* MLXNN */; };
		B437821D1676E919572316D1 /* WhisperModelStoreTests.swift in Sources */ = {isa = PBXBuildFile; fileRef = 75A08A2616E8FB1A6AA892A1 /* WhisperModelStoreTests.swift */; };
		B8034ECE7DE0AB51905F0833 /* MLX in Frameworks */ = {isa = PBXBuildFile; productRef = A6C34CFD99CF390A32455653 /* MLX */; };
		E6503295C37AA7BAF2CDDFB5 /* WhisperMLXTranscriberTests.swift in Sources */ = {isa = PBXBuildFile; fileRef = F439F4805AC7EB57EC25BBB0 /* WhisperMLXTranscriberTests.swift */; };
/* End PBXBuildFile section */

/* Begin PBXContainerItemProxy section */
		6CD2DC3B72AFFABD7CF92CA5 /* PBXContainerItemProxy */ = {
			isa = PBXContainerItemProxy;
			containerPortal = 22C5F4712FD71A7D00FC840C /* Project object */;
			proxyType = 1;
			remoteGlobalIDString = 22C5F4782FD71A7D00FC840C;
			remoteInfo = "Relay Notes";
		};
/* End PBXContainerItemProxy section */

/* Begin PBXFileReference section */
		0B492830A62977826130AD2F /* RecorderInterruptionTests.swift */ = {isa = PBXFileReference; includeInIndex = 1; lastKnownFileType = sourcecode.swift; name = RecorderInterruptionTests.swift; path = "Relay NotesTests/RecorderInterruptionTests.swift"; sourceTree = "<group>"; };
		227E2DA92FD71F92004EA486 /* notes.md */ = {isa = PBXFileReference; lastKnownFileType = net.daringfireball.markdown; path = notes.md; sourceTree = "<group>"; };
		227E2DCA2FD7572E004EA486 /* .gitignore */ = {isa = PBXFileReference; lastKnownFileType = text; path = .gitignore; sourceTree = "<group>"; };
		227E2DF22FD75FA3004EA486 /* README.md */ = {isa = PBXFileReference; lastKnownFileType = net.daringfireball.markdown; path = README.md; sourceTree = "<group>"; };
		22C5F4792FD71A7D00FC840C /* Relay Notes.app */ = {isa = PBXFileReference; explicitFileType = wrapper.application; includeInIndex = 0; path = "Relay Notes.app"; sourceTree = BUILT_PRODUCTS_DIR; };
		22ED2C9C2FD77D6A0066B2EC /* transcription-tuning.md */ = {isa = PBXFileReference; lastKnownFileType = net.daringfireball.markdown; path = "transcription-tuning.md"; sourceTree = "<group>"; };
		22ED2C9D2FD783740066B2EC /* CLAUDE.md */ = {isa = PBXFileReference; lastKnownFileType = net.daringfireball.markdown; path = CLAUDE.md; sourceTree = "<group>"; };
		22ED2CA02FD78F8C0066B2EC /* CHANGE_LOG.md */ = {isa = PBXFileReference; lastKnownFileType = net.daringfireball.markdown; path = CHANGE_LOG.md; sourceTree = "<group>"; };
		338449335BA26A71B25600B4 /* WhisperModelTests.swift */ = {isa = PBXFileReference; includeInIndex = 1; lastKnownFileType = sourcecode.swift; name = WhisperModelTests.swift; path = "Relay NotesTests/WhisperModelTests.swift"; sourceTree = "<group>"; };
		45DC85D4B123F5A6BF195D86 /* TranscriberFactoryTests.swift */ = {isa = PBXFileReference; includeInIndex = 1; lastKnownFileType = sourcecode.swift; name = TranscriberFactoryTests.swift; path = "Relay NotesTests/TranscriberFactoryTests.swift"; sourceTree = "<group>"; };
		4617E8E14F9328CDED48CE87 /* WhisperAudioTests.swift */ = {isa = PBXFileReference; includeInIndex = 1; lastKnownFileType = sourcecode.swift; name = WhisperAudioTests.swift; path = "Relay NotesTests/WhisperAudioTests.swift"; sourceTree = "<group>"; };
		75A08A2616E8FB1A6AA892A1 /* WhisperModelStoreTests.swift */ = {isa = PBXFileReference; includeInIndex = 1; lastKnownFileType = sourcecode.swift; name = WhisperModelStoreTests.swift; path = "Relay NotesTests/WhisperModelStoreTests.swift"; sourceTree = "<group>"; };
		941ECE5486B3F396081D7DDC /* WhisperTokenizerTests.swift */ = {isa = PBXFileReference; includeInIndex = 1; lastKnownFileType = sourcecode.swift; name = WhisperTokenizerTests.swift; path = "Relay NotesTests/WhisperTokenizerTests.swift"; sourceTree = "<group>"; };
		B4307D11F9D6B95E232E9FBF /* Relay NotesTests.xctest */ = {isa = PBXFileReference; explicitFileType = wrapper.cfbundle; includeInIndex = 0; path = "Relay NotesTests.xctest"; sourceTree = BUILT_PRODUCTS_DIR; };
		CF7ADA49789024E33BF5EEA7 /* WhisperChunkingTests.swift */ = {isa = PBXFileReference; includeInIndex = 1; lastKnownFileType = sourcecode.swift; name = WhisperChunkingTests.swift; path = "Relay NotesTests/WhisperChunkingTests.swift"; sourceTree = "<group>"; };
		F439F4805AC7EB57EC25BBB0 /* WhisperMLXTranscriberTests.swift */ = {isa = PBXFileReference; includeInIndex = 1; lastKnownFileType = sourcecode.swift; name = WhisperMLXTranscriberTests.swift; path = "Relay NotesTests/WhisperMLXTranscriberTests.swift"; sourceTree = "<group>"; };
		F9226CAD6B46AB3A7639A3AD /* TuningsPersistenceTests.swift */ = {isa = PBXFileReference; includeInIndex = 1; lastKnownFileType = sourcecode.swift; name = TuningsPersistenceTests.swift; path = "Relay NotesTests/TuningsPersistenceTests.swift"; sourceTree = "<group>"; };
/* End PBXFileReference section */

/* Begin PBXFileSystemSynchronizedBuildFileExceptionSet section */
		22C5F4A02FD71A7E00FC840C /* Exceptions for "Relay Notes" folder in "Relay Notes" target */ = {
			isa = PBXFileSystemSynchronizedBuildFileExceptionSet;
			membershipExceptions = (
				Info.plist,
			);
			target = 22C5F4782FD71A7D00FC840C /* Relay Notes */;
		};
/* End PBXFileSystemSynchronizedBuildFileExceptionSet section */

/* Begin PBXFileSystemSynchronizedRootGroup section */
		22C5F47B2FD71A7D00FC840C /* Relay Notes */ = {
			isa = PBXFileSystemSynchronizedRootGroup;
			exceptions = (
				22C5F4A02FD71A7E00FC840C /* Exceptions for "Relay Notes" folder in "Relay Notes" target */,
			);
			path = "Relay Notes";
			sourceTree = "<group>";
		};
/* End PBXFileSystemSynchronizedRootGroup section */

/* Begin PBXFrameworksBuildPhase section */
		22C5F4762FD71A7D00FC840C /* Frameworks */ = {
			isa = PBXFrameworksBuildPhase;
			buildActionMask = 2147483647;
			files = (
				B8034ECE7DE0AB51905F0833 /* MLX in Frameworks */,
				9C8B28FADF29E62CC1D52D00 /* MLXNN in Frameworks */,
				973F46D10FF15784BEAD20F6 /* MLXRandom in Frameworks */,
			);
			runOnlyForDeploymentPostprocessing = 0;
		};
		542BDD69EE773869FC43353C /* Frameworks */ = {
			isa = PBXFrameworksBuildPhase;
			buildActionMask = 2147483647;
			files = (
			);
			runOnlyForDeploymentPostprocessing = 0;
		};
/* End PBXFrameworksBuildPhase section */

/* Begin PBXGroup section */
		227E2DAA2FD71F92004EA486 /* planning */ = {
			isa = PBXGroup;
			children = (
				22ED2C9C2FD77D6A0066B2EC /* transcription-tuning.md */,
				227E2DA92FD71F92004EA486 /* notes.md */,
			);
			path = planning;
			sourceTree = "<group>";
		};
		22C5F4702FD71A7D00FC840C = {
			isa = PBXGroup;
			children = (
				22ED2CA02FD78F8C0066B2EC /* CHANGE_LOG.md */,
				22ED2C9D2FD783740066B2EC /* CLAUDE.md */,
				227E2DF22FD75FA3004EA486 /* README.md */,
				227E2DCA2FD7572E004EA486 /* .gitignore */,
				227E2DAA2FD71F92004EA486 /* planning */,
				22C5F47B2FD71A7D00FC840C /* Relay Notes */,
				22C5F47A2FD71A7D00FC840C /* Products */,
				A648706A9E4B2C82B3E2970B /* Relay NotesTests */,
			);
			sourceTree = "<group>";
		};
		22C5F47A2FD71A7D00FC840C /* Products */ = {
			isa = PBXGroup;
			children = (
				22C5F4792FD71A7D00FC840C /* Relay Notes.app */,
				B4307D11F9D6B95E232E9FBF /* Relay NotesTests.xctest */,
			);
			name = Products;
			sourceTree = "<group>";
		};
		A648706A9E4B2C82B3E2970B /* Relay NotesTests */ = {
			isa = PBXGroup;
			children = (
				0B492830A62977826130AD2F /* RecorderInterruptionTests.swift */,
				F9226CAD6B46AB3A7639A3AD /* TuningsPersistenceTests.swift */,
				45DC85D4B123F5A6BF195D86 /* TranscriberFactoryTests.swift */,
				4617E8E14F9328CDED48CE87 /* WhisperAudioTests.swift */,
				941ECE5486B3F396081D7DDC /* WhisperTokenizerTests.swift */,
				338449335BA26A71B25600B4 /* WhisperModelTests.swift */,
				75A08A2616E8FB1A6AA892A1 /* WhisperModelStoreTests.swift */,
				F439F4805AC7EB57EC25BBB0 /* WhisperMLXTranscriberTests.swift */,
				CF7ADA49789024E33BF5EEA7 /* WhisperChunkingTests.swift */,
			);
			name = "Relay NotesTests";
			sourceTree = SOURCE_ROOT;
		};
/* End PBXGroup section */

/* Begin PBXNativeTarget section */
		22C5F4782FD71A7D00FC840C /* Relay Notes */ = {
			isa = PBXNativeTarget;
			buildConfigurationList = 22C5F4842FD71A7E00FC840C /* Build configuration list for PBXNativeTarget "Relay Notes" */;
			buildPhases = (
				22C5F4752FD71A7D00FC840C /* Sources */,
				22C5F4762FD71A7D00FC840C /* Frameworks */,
				22C5F4772FD71A7D00FC840C /* Resources */,
			);
			buildRules = (
			);
			dependencies = (
			);
			fileSystemSynchronizedGroups = (
				22C5F47B2FD71A7D00FC840C /* Relay Notes */,
			);
			name = "Relay Notes";
			packageProductDependencies = (
				A6C34CFD99CF390A32455653 /* MLX */,
				9A2C4347C3F5928735C6784F /* MLXNN */,
				B1D487B9F07A0DB95BD79522 /* MLXRandom */,
			);
			productName = "Relay Notes";
			productReference = 22C5F4792FD71A7D00FC840C /* Relay Notes.app */;
			productType = "com.apple.product-type.application";
		};
		E67809CAB7799292E3CB6708 /* Relay NotesTests */ = {
			isa = PBXNativeTarget;
			buildConfigurationList = 0E49854C9A8D05AABC232173 /* Build configuration list for PBXNativeTarget "Relay NotesTests" */;
			buildPhases = (
				CC87FC829604D99E683841DF /* Sources */,
				542BDD69EE773869FC43353C /* Frameworks */,
				4C5085DEAC15E868E094861B /* Resources */,
			);
			buildRules = (
			);
			dependencies = (
				2D534657632A06C453A46DD0 /* PBXTargetDependency */,
			);
			name = "Relay NotesTests";
			productName = "Relay NotesTests";
			productReference = B4307D11F9D6B95E232E9FBF /* Relay NotesTests.xctest */;
			productType = "com.apple.product-type.bundle.unit-test";
		};
/* End PBXNativeTarget section */

/* Begin PBXProject section */
		22C5F4712FD71A7D00FC840C /* Project object */ = {
			isa = PBXProject;
			attributes = {
				BuildIndependentTargetsInParallel = 1;
				LastSwiftUpdateCheck = 2650;
				LastUpgradeCheck = 2650;
				TargetAttributes = {
					22C5F4782FD71A7D00FC840C = {
						CreatedOnToolsVersion = 26.5;
					};
				};
			};
			buildConfigurationList = 22C5F4742FD71A7D00FC840C /* Build configuration list for PBXProject "Relay Notes" */;
			developmentRegion = en;
			hasScannedForEncodings = 0;
			knownRegions = (
				en,
				Base,
			);
			mainGroup = 22C5F4702FD71A7D00FC840C;
			minimizedProjectReferenceProxies = 1;
			packageReferences = (
				F28B142DE089D5BE44B330F4 /* XCRemoteSwiftPackageReference "mlx-swift" */,
			);
			preferredProjectObjectVersion = 77;
			productRefGroup = 22C5F47A2FD71A7D00FC840C /* Products */;
			projectDirPath = "";
			projectRoot = "";
			targets = (
				22C5F4782FD71A7D00FC840C /* Relay Notes */,
				E67809CAB7799292E3CB6708 /* Relay NotesTests */,
			);
		};
/* End PBXProject section */

/* Begin PBXResourcesBuildPhase section */
		22C5F4772FD71A7D00FC840C /* Resources */ = {
			isa = PBXResourcesBuildPhase;
			buildActionMask = 2147483647;
			files = (
			);
			runOnlyForDeploymentPostprocessing = 0;
		};
		4C5085DEAC15E868E094861B /* Resources */ = {
			isa = PBXResourcesBuildPhase;
			buildActionMask = 2147483647;
			files = (
			);
			runOnlyForDeploymentPostprocessing = 0;
		};
/* End PBXResourcesBuildPhase section */

/* Begin PBXSourcesBuildPhase section */
		22C5F4752FD71A7D00FC840C /* Sources */ = {
			isa = PBXSourcesBuildPhase;
			buildActionMask = 2147483647;
			files = (
			);
			runOnlyForDeploymentPostprocessing = 0;
		};
		CC87FC829604D99E683841DF /* Sources */ = {
			isa = PBXSourcesBuildPhase;
			buildActionMask = 2147483647;
			files = (
				0AA641161B4B07CA3819EDF5 /* RecorderInterruptionTests.swift in Sources */,
				1E8AB0F00AD411F4CE431D8F /* TuningsPersistenceTests.swift in Sources */,
				393935093896FD76BCBAD63E /* TranscriberFactoryTests.swift in Sources */,
				3A915B1B30D397D70C4BF313 /* WhisperAudioTests.swift in Sources */,
				7E4A71A9547C67CF09759219 /* WhisperTokenizerTests.swift in Sources */,
				4C2B8B3659DF0FEAB5E32CA7 /* WhisperModelTests.swift in Sources */,
				B437821D1676E919572316D1 /* WhisperModelStoreTests.swift in Sources */,
				E6503295C37AA7BAF2CDDFB5 /* WhisperMLXTranscriberTests.swift in Sources */,
				5CDE599E9A6E385889195E36 /* WhisperChunkingTests.swift in Sources */,
			);
			runOnlyForDeploymentPostprocessing = 0;
		};
/* End PBXSourcesBuildPhase section */

/* Begin PBXTargetDependency section */
		2D534657632A06C453A46DD0 /* PBXTargetDependency */ = {
			isa = PBXTargetDependency;
			name = "Relay Notes";
			target = 22C5F4782FD71A7D00FC840C /* Relay Notes */;
			targetProxy = 6CD2DC3B72AFFABD7CF92CA5 /* PBXContainerItemProxy */;
		};
/* End PBXTargetDependency section */

/* Begin XCBuildConfiguration section */
		22C5F4822FD71A7E00FC840C /* Debug */ = {
			isa = XCBuildConfiguration;
			buildSettings = {
				ALWAYS_SEARCH_USER_PATHS = NO;
				ASSETCATALOG_COMPILER_GENERATE_SWIFT_ASSET_SYMBOL_EXTENSIONS = YES;
				CLANG_ANALYZER_NONNULL = YES;
				CLANG_ANALYZER_NUMBER_OBJECT_CONVERSION = YES_AGGRESSIVE;
				CLANG_CXX_LANGUAGE_STANDARD = "gnu++20";
				CLANG_ENABLE_MODULES = YES;
				CLANG_ENABLE_OBJC_ARC = YES;
				CLANG_ENABLE_OBJC_WEAK = YES;
				CLANG_WARN_BLOCK_CAPTURE_AUTORELEASING = YES;
				CLANG_WARN_BOOL_CONVERSION = YES;
				CLANG_WARN_COMMA = YES;
				CLANG_WARN_CONSTANT_CONVERSION = YES;
				CLANG_WARN_DEPRECATED_OBJC_IMPLEMENTATIONS = YES;
				CLANG_WARN_DIRECT_OBJC_ISA_USAGE = YES_ERROR;
				CLANG_WARN_DOCUMENTATION_COMMENTS = YES;
				CLANG_WARN_EMPTY_BODY = YES;
				CLANG_WARN_ENUM_CONVERSION = YES;
				CLANG_WARN_INFINITE_RECURSION = YES;
				CLANG_WARN_INT_CONVERSION = YES;
				CLANG_WARN_NON_LITERAL_NULL_CONVERSION = YES;
				CLANG_WARN_OBJC_IMPLICIT_RETAIN_SELF = YES;
				CLANG_WARN_OBJC_LITERAL_CONVERSION = YES;
				CLANG_WARN_OBJC_ROOT_CLASS = YES_ERROR;
				CLANG_WARN_QUOTED_INCLUDE_IN_FRAMEWORK_HEADER = YES;
				CLANG_WARN_RANGE_LOOP_ANALYSIS = YES;
				CLANG_WARN_STRICT_PROTOTYPES = YES;
				CLANG_WARN_SUSPICIOUS_MOVE = YES;
				CLANG_WARN_UNGUARDED_AVAILABILITY = YES_AGGRESSIVE;
				CLANG_WARN_UNREACHABLE_CODE = YES;
				CLANG_WARN__DUPLICATE_METHOD_MATCH = YES;
				COPY_PHASE_STRIP = NO;
				DEBUG_INFORMATION_FORMAT = dwarf;
				ENABLE_STRICT_OBJC_MSGSEND = YES;
				ENABLE_TESTABILITY = YES;
				ENABLE_USER_SCRIPT_SANDBOXING = YES;
				GCC_C_LANGUAGE_STANDARD = gnu17;
				GCC_DYNAMIC_NO_PIC = NO;
				GCC_NO_COMMON_BLOCKS = YES;
				GCC_OPTIMIZATION_LEVEL = 0;
				GCC_PREPROCESSOR_DEFINITIONS = (
					"DEBUG=1",
					"$(inherited)",
				);
				GCC_WARN_64_TO_32_BIT_CONVERSION = YES;
				GCC_WARN_ABOUT_RETURN_TYPE = YES_ERROR;
				GCC_WARN_UNDECLARED_SELECTOR = YES;
				GCC_WARN_UNINITIALIZED_AUTOS = YES_AGGRESSIVE;
				GCC_WARN_UNUSED_FUNCTION = YES;
				GCC_WARN_UNUSED_VARIABLE = YES;
				IPHONEOS_DEPLOYMENT_TARGET = 26.5;
				LOCALIZATION_PREFERS_STRING_CATALOGS = YES;
				MTL_ENABLE_DEBUG_INFO = INCLUDE_SOURCE;
				MTL_FAST_MATH = YES;
				ONLY_ACTIVE_ARCH = YES;
				SDKROOT = iphoneos;
				SWIFT_ACTIVE_COMPILATION_CONDITIONS = "DEBUG $(inherited)";
				SWIFT_OPTIMIZATION_LEVEL = "-Onone";
			};
			name = Debug;
		};
		22C5F4832FD71A7E00FC840C /* Release */ = {
			isa = XCBuildConfiguration;
			buildSettings = {
				ALWAYS_SEARCH_USER_PATHS = NO;
				ASSETCATALOG_COMPILER_GENERATE_SWIFT_ASSET_SYMBOL_EXTENSIONS = YES;
				CLANG_ANALYZER_NONNULL = YES;
				CLANG_ANALYZER_NUMBER_OBJECT_CONVERSION = YES_AGGRESSIVE;
				CLANG_CXX_LANGUAGE_STANDARD = "gnu++20";
				CLANG_ENABLE_MODULES = YES;
				CLANG_ENABLE_OBJC_ARC = YES;
				CLANG_ENABLE_OBJC_WEAK = YES;
				CLANG_WARN_BLOCK_CAPTURE_AUTORELEASING = YES;
				CLANG_WARN_BOOL_CONVERSION = YES;
				CLANG_WARN_COMMA = YES;
				CLANG_WARN_CONSTANT_CONVERSION = YES;
				CLANG_WARN_DEPRECATED_OBJC_IMPLEMENTATIONS = YES;
				CLANG_WARN_DIRECT_OBJC_ISA_USAGE = YES_ERROR;
				CLANG_WARN_DOCUMENTATION_COMMENTS = YES;
				CLANG_WARN_EMPTY_BODY = YES;
				CLANG_WARN_ENUM_CONVERSION = YES;
				CLANG_WARN_INFINITE_RECURSION = YES;
				CLANG_WARN_INT_CONVERSION = YES;
				CLANG_WARN_NON_LITERAL_NULL_CONVERSION = YES;
				CLANG_WARN_OBJC_IMPLICIT_RETAIN_SELF = YES;
				CLANG_WARN_OBJC_LITERAL_CONVERSION = YES;
				CLANG_WARN_OBJC_ROOT_CLASS = YES_ERROR;
				CLANG_WARN_QUOTED_INCLUDE_IN_FRAMEWORK_HEADER = YES;
				CLANG_WARN_RANGE_LOOP_ANALYSIS = YES;
				CLANG_WARN_STRICT_PROTOTYPES = YES;
				CLANG_WARN_SUSPICIOUS_MOVE = YES;
				CLANG_WARN_UNGUARDED_AVAILABILITY = YES_AGGRESSIVE;
				CLANG_WARN_UNREACHABLE_CODE = YES;
				CLANG_WARN__DUPLICATE_METHOD_MATCH = YES;
				COPY_PHASE_STRIP = NO;
				DEBUG_INFORMATION_FORMAT = "dwarf-with-dsym";
				ENABLE_NS_ASSERTIONS = NO;
				ENABLE_STRICT_OBJC_MSGSEND = YES;
				ENABLE_USER_SCRIPT_SANDBOXING = YES;
				GCC_C_LANGUAGE_STANDARD = gnu17;
				GCC_NO_COMMON_BLOCKS = YES;
				GCC_WARN_64_TO_32_BIT_CONVERSION = YES;
				GCC_WARN_ABOUT_RETURN_TYPE = YES_ERROR;
				GCC_WARN_UNDECLARED_SELECTOR = YES;
				GCC_WARN_UNINITIALIZED_AUTOS = YES_AGGRESSIVE;
				GCC_WARN_UNUSED_FUNCTION = YES;
				GCC_WARN_UNUSED_VARIABLE = YES;
				IPHONEOS_DEPLOYMENT_TARGET = 26.5;
				LOCALIZATION_PREFERS_STRING_CATALOGS = YES;
				MTL_ENABLE_DEBUG_INFO = NO;
				MTL_FAST_MATH = YES;
				SDKROOT = iphoneos;
				SWIFT_COMPILATION_MODE = wholemodule;
				VALIDATE_PRODUCT = YES;
			};
			name = Release;
		};
		22C5F4852FD71A7E00FC840C /* Debug */ = {
			isa = XCBuildConfiguration;
			buildSettings = {
				ASSETCATALOG_COMPILER_APPICON_NAME = "RelayNotes-Icon";
				ASSETCATALOG_COMPILER_GLOBAL_ACCENT_COLOR_NAME = AccentColor;
				CODE_SIGN_STYLE = Automatic;
				CURRENT_PROJECT_VERSION = 1;
				DEVELOPMENT_TEAM = 5JAU42ATTD;
				ENABLE_PREVIEWS = YES;
				ENABLE_TESTABILITY = YES;
				GENERATE_INFOPLIST_FILE = YES;
				INFOPLIST_FILE = "Relay Notes/Info.plist";
				INFOPLIST_KEY_CFBundleDisplayName = "Relay Notes";
				INFOPLIST_KEY_NSMicrophoneUsageDescription = "Relay Notes uses your microphone to record voice notes.";
				INFOPLIST_KEY_NSSpeechRecognitionUsageDescription = "Relay Notes uses speech recognition to transcribe your voice notes on-device.";
				INFOPLIST_KEY_UIApplicationSceneManifest_Generation = YES;
				INFOPLIST_KEY_UIApplicationSupportsIndirectInputEvents = YES;
				INFOPLIST_KEY_UILaunchScreen_Generation = YES;
				INFOPLIST_KEY_UISupportedInterfaceOrientations_iPad = "UIInterfaceOrientationPortrait UIInterfaceOrientationPortraitUpsideDown UIInterfaceOrientationLandscapeLeft UIInterfaceOrientationLandscapeRight";
				INFOPLIST_KEY_UISupportedInterfaceOrientations_iPhone = "UIInterfaceOrientationPortrait UIInterfaceOrientationLandscapeLeft UIInterfaceOrientationLandscapeRight";
				LD_RUNPATH_SEARCH_PATHS = (
					"$(inherited)",
					"@executable_path/Frameworks",
				);
				MARKETING_VERSION = 1.0;
				PRODUCT_BUNDLE_IDENTIFIER = "alteredcraft.Relay-Notes";
				PRODUCT_NAME = "$(TARGET_NAME)";
				STRING_CATALOG_GENERATE_SYMBOLS = YES;
				SWIFT_APPROACHABLE_CONCURRENCY = YES;
				SWIFT_DEFAULT_ACTOR_ISOLATION = MainActor;
				SWIFT_EMIT_LOC_STRINGS = YES;
				SWIFT_UPCOMING_FEATURE_MEMBER_IMPORT_VISIBILITY = YES;
				SWIFT_VERSION = 5.0;
				TARGETED_DEVICE_FAMILY = "1,2";
			};
			name = Debug;
		};
		22C5F4862FD71A7E00FC840C /* Release */ = {
			isa = XCBuildConfiguration;
			buildSettings = {
				ASSETCATALOG_COMPILER_APPICON_NAME = "RelayNotes-Icon";
				ASSETCATALOG_COMPILER_GLOBAL_ACCENT_COLOR_NAME = AccentColor;
				CODE_SIGN_STYLE = Automatic;
				CURRENT_PROJECT_VERSION = 1;
				DEVELOPMENT_TEAM = 5JAU42ATTD;
				ENABLE_PREVIEWS = YES;
				GENERATE_INFOPLIST_FILE = YES;
				INFOPLIST_FILE = "Relay Notes/Info.plist";
				INFOPLIST_KEY_CFBundleDisplayName = "Relay Notes";
				INFOPLIST_KEY_NSMicrophoneUsageDescription = "Relay Notes uses your microphone to record voice notes.";
				INFOPLIST_KEY_NSSpeechRecognitionUsageDescription = "Relay Notes uses speech recognition to transcribe your voice notes on-device.";
				INFOPLIST_KEY_UIApplicationSceneManifest_Generation = YES;
				INFOPLIST_KEY_UIApplicationSupportsIndirectInputEvents = YES;
				INFOPLIST_KEY_UILaunchScreen_Generation = YES;
				INFOPLIST_KEY_UISupportedInterfaceOrientations_iPad = "UIInterfaceOrientationPortrait UIInterfaceOrientationPortraitUpsideDown UIInterfaceOrientationLandscapeLeft UIInterfaceOrientationLandscapeRight";
				INFOPLIST_KEY_UISupportedInterfaceOrientations_iPhone = "UIInterfaceOrientationPortrait UIInterfaceOrientationLandscapeLeft UIInterfaceOrientationLandscapeRight";
				LD_RUNPATH_SEARCH_PATHS = (
					"$(inherited)",
					"@executable_path/Frameworks",
				);
				MARKETING_VERSION = 1.0;
				PRODUCT_BUNDLE_IDENTIFIER = "alteredcraft.Relay-Notes";
				PRODUCT_NAME = "$(TARGET_NAME)";
				STRING_CATALOG_GENERATE_SYMBOLS = YES;
				SWIFT_APPROACHABLE_CONCURRENCY = YES;
				SWIFT_DEFAULT_ACTOR_ISOLATION = MainActor;
				SWIFT_EMIT_LOC_STRINGS = YES;
				SWIFT_UPCOMING_FEATURE_MEMBER_IMPORT_VISIBILITY = YES;
				SWIFT_VERSION = 5.0;
				TARGETED_DEVICE_FAMILY = "1,2";
			};
			name = Release;
		};
		68D0EECF12B18C653D97DDC6 /* Release */ = {
			isa = XCBuildConfiguration;
			buildSettings = {
				BUNDLE_LOADER = "$(TEST_HOST)";
				CLANG_ENABLE_OBJC_WEAK = NO;
				CODE_SIGN_STYLE = Automatic;
				CURRENT_PROJECT_VERSION = 1;
				DEVELOPMENT_TEAM = 5JAU42ATTD;
				GENERATE_INFOPLIST_FILE = YES;
				IPHONEOS_DEPLOYMENT_TARGET = 26.5;
				MARKETING_VERSION = 1.0;
				PRODUCT_BUNDLE_IDENTIFIER = "alteredcraft.Relay-NotesTests";
				PRODUCT_NAME = "$(TARGET_NAME)";
				SDKROOT = iphoneos;
				SWIFT_EMIT_LOC_STRINGS = NO;
				SWIFT_VERSION = 5.0;
				TARGETED_DEVICE_FAMILY = "1,2";
				TEST_HOST = "$(BUILT_PRODUCTS_DIR)/Relay Notes.app/$(BUNDLE_EXECUTABLE_FOLDER_PATH)/Relay Notes";
				VALIDATE_PRODUCT = YES;
			};
			name = Release;
		};
		C453D523C93E38F06BC59FDE /* Debug */ = {
			isa = XCBuildConfiguration;
			buildSettings = {
				BUNDLE_LOADER = "$(TEST_HOST)";
				CLANG_ENABLE_OBJC_WEAK = NO;
				CODE_SIGN_STYLE = Automatic;
				CURRENT_PROJECT_VERSION = 1;
				DEVELOPMENT_TEAM = 5JAU42ATTD;
				GENERATE_INFOPLIST_FILE = YES;
				IPHONEOS_DEPLOYMENT_TARGET = 26.5;
				MARKETING_VERSION = 1.0;
				PRODUCT_BUNDLE_IDENTIFIER = "alteredcraft.Relay-NotesTests";
				PRODUCT_NAME = "$(TARGET_NAME)";
				SDKROOT = iphoneos;
				SWIFT_EMIT_LOC_STRINGS = NO;
				SWIFT_VERSION = 5.0;
				TARGETED_DEVICE_FAMILY = "1,2";
				TEST_HOST = "$(BUILT_PRODUCTS_DIR)/Relay Notes.app/$(BUNDLE_EXECUTABLE_FOLDER_PATH)/Relay Notes";
			};
			name = Debug;
		};
/* End XCBuildConfiguration section */

/* Begin XCConfigurationList section */
		0E49854C9A8D05AABC232173 /* Build configuration list for PBXNativeTarget "Relay NotesTests" */ = {
			isa = XCConfigurationList;
			buildConfigurations = (
				68D0EECF12B18C653D97DDC6 /* Release */,
				C453D523C93E38F06BC59FDE /* Debug */,
			);
			defaultConfigurationIsVisible = 0;
			defaultConfigurationName = Release;
		};
		22C5F4742FD71A7D00FC840C /* Build configuration list for PBXProject "Relay Notes" */ = {
			isa = XCConfigurationList;
			buildConfigurations = (
				22C5F4822FD71A7E00FC840C /* Debug */,
				22C5F4832FD71A7E00FC840C /* Release */,
			);
			defaultConfigurationIsVisible = 0;
			defaultConfigurationName = Release;
		};
		22C5F4842FD71A7E00FC840C /* Build configuration list for PBXNativeTarget "Relay Notes" */ = {
			isa = XCConfigurationList;
			buildConfigurations = (
				22C5F4852FD71A7E00FC840C /* Debug */,
				22C5F4862FD71A7E00FC840C /* Release */,
			);
			defaultConfigurationIsVisible = 0;
			defaultConfigurationName = Release;
		};
/* End XCConfigurationList section */

/* Begin XCRemoteSwiftPackageReference section */
		F28B142DE089D5BE44B330F4 /* XCRemoteSwiftPackageReference "mlx-swift" */ = {
			isa = XCRemoteSwiftPackageReference;
			repositoryURL = "https://github.com/ml-explore/mlx-swift";
			requirement = {
				kind = upToNextMajorVersion;
				minimumVersion = 0.31.0;
			};
		};
/* End XCRemoteSwiftPackageReference section */

/* Begin XCSwiftPackageProductDependency section */
		9A2C4347C3F5928735C6784F /* MLXNN */ = {
			isa = XCSwiftPackageProductDependency;
			package = F28B142DE089D5BE44B330F4 /* XCRemoteSwiftPackageReference "mlx-swift" */;
			productName = MLXNN;
		};
		A6C34CFD99CF390A32455653 /* MLX */ = {
			isa = XCSwiftPackageProductDependency;
			package = F28B142DE089D5BE44B330F4 /* XCRemoteSwiftPackageReference "mlx-swift" */;
			productName = MLX;
		};
		B1D487B9F07A0DB95BD79522 /* MLXRandom */ = {
			isa = XCSwiftPackageProductDependency;
			package = F28B142DE089D5BE44B330F4 /* XCRemoteSwiftPackageReference "mlx-swift" */;
			productName = MLXRandom;
		};
/* End XCSwiftPackageProductDependency section */
	};
	rootObject = 22C5F4712FD71A7D00FC840C /* Project object */;
}
